{
  "lockfile-version": 1,
  "manifest": {
    "version": 1,
    "install": {
      "gcc": {
        "pkg-path": "gcc11"
      },
      "gnumake": {
        "pkg-path": "gnumake"
      },
      "python3": {
        "pkg-path": "python3"
      }
    },
    "hook": {},
    "profile": {},
    "options": {
      "systems": [
        "aarch64-darwin",
        "aarch64-linux",
        "x86_64-darwin",
        "x86_64-linux"
      ],
      "allow": {
        "licenses": []
      },
      "semver": {}
    },
    "build": {
      "demo-project": {
        "command": "  make\n  make install PREFIX=$out\n",
        "files": null,
        "runtime-packages": null,
        "systems": null,
        "sandbox": null
      },
      "headlines": {
        "command": "  set -x # Remind ourselves which version we're using\n  make install-headlines PREFIX=$out\n  # make install-headlines-bin PREFIX=$out HEADLINESDIR=${headlines-deps}/include\n  # $out/bin/headlines # TEST\n",
        "files": null,
        "runtime-packages": null,
        "systems": null,
        "sandbox": "pure"
      }
    }
  },
  "packages": [
    {
      "attr_path": "gcc11",
      "broken": false,
      "derivation": "/nix/store/sxsx03hypmlcr5mqqjvg02hnyrq0grgf-gcc-wrapper-11.5.0.drv",
      "description": "GNU Compiler Collection, version 11.5.0 (wrapper script)",
      "install_id": "gcc",
      "license": "GPL-3.0-or-later",
      "locked_url": "https://github.com/flox/nixpkgs?rev=76612b17c0ce71689921ca12d9ffdc9c23ce40b2",
      "name": "gcc-wrapper-11.5.0",
      "pname": "gcc11",
      "rev": "76612b17c0ce71689921ca12d9ffdc9c23ce40b2",
      "rev_count": 705705,
      "rev_date": "2024-11-09T08:06:34Z",
      "scrape_date": "2024-11-11T03:57:18Z",
      "stabilities": [
        "unstable"
      ],
      "unfree": false,
      "version": "gcc-wrapper-11.5.0",
      "outputs_to_install": [
        "out",
        "man"
      ],
      "outputs": {
        "info": "/nix/store/3vq9nxqbaw212jsp954vd19is9vym9m1-gcc-wrapper-11.5.0-info",
        "man": "/nix/store/8v7bcixkfrizxlfygmv4acw58agikfb5-gcc-wrapper-11.5.0-man",
        "out": "/nix/store/dgp7vi21h2nfcdqlvsy4xx4g0zx6p6bb-gcc-wrapper-11.5.0"
      },
      "system": "aarch64-darwin",
      "group": "toplevel",
      "priority": 5
    },
    {
      "attr_path": "gcc11",
      "broken": false,
      "derivation": "/nix/store/bslvm67c6j1mqk7s02myf71y6fc8vwz8-gcc-wrapper-11.5.0.drv",
      "description": "GNU Compiler Collection, version 11.5.0 (wrapper script)",
      "install_id": "gcc",
      "license": "GPL-3.0-or-later",
      "locked_url": "https://github.com/flox/nixpkgs?rev=76612b17c0ce71689921ca12d9ffdc9c23ce40b2",
      "name": "gcc-wrapper-11.5.0",
      "pname": "gcc11",
      "rev": "76612b17c0ce71689921ca12d9ffdc9c23ce40b2",
      "rev_count": 705705,
      "rev_date": "2024-11-09T08:06:34Z",
      "scrape_date": "2024-11-11T03:57:18Z",
      "stabilities": [
        "unstable"
      ],
      "unfree": false,
      "version": "gcc-wrapper-11.5.0",
      "outputs_to_install": [
        "out",
        "man"
      ],
      "outputs": {
        "info": "/nix/store/hp56gx70c3a2n9v9ayid605mlljfxms0-gcc-wrapper-11.5.0-info",
        "man": "/nix/store/rcl3s773m31c86bb5q3f0x8vkxfqvga0-gcc-wrapper-11.5.0-man",
        "out": "/nix/store/v68asnk5hzq1h6rfvccxds1r8d312nlb-gcc-wrapper-11.5.0"
      },
      "system": "aarch64-linux",
      "group": "toplevel",
      "priority": 5
    },
    {
      "attr_path": "gcc11",
      "broken": false,
      "derivation": "/nix/store/94s4mnk8slw8nxzib5xisq81p2n7nm45-gcc-wrapper-11.5.0.drv",
      "description": "GNU Compiler Collection, version 11.5.0 (wrapper script)",
      "install_id": "gcc",
      "license": "GPL-3.0-or-later",
      "locked_url": "https://github.com/flox/nixpkgs?rev=76612b17c0ce71689921ca12d9ffdc9c23ce40b2",
      "name": "gcc-wrapper-11.5.0",
      "pname": "gcc11",
      "rev": "76612b17c0ce71689921ca12d9ffdc9c23ce40b2",
      "rev_count": 705705,
      "rev_date": "2024-11-09T08:06:34Z",
      "scrape_date": "2024-11-11T03:57:18Z",
      "stabilities": [
        "unstable"
      ],
      "unfree": false,
      "version": "gcc-wrapper-11.5.0",
      "outputs_to_install": [
        "out",
        "man"
      ],
      "outputs": {
        "info": "/nix/store/9s5i11l3wbw9a4v4dp6az2zjs6ry93c9-gcc-wrapper-11.5.0-info",
        "man": "/nix/store/n8a8qx2aylzw2ai3fyf3dkbr5128jqql-gcc-wrapper-11.5.0-man",
        "out": "/nix/store/66v3d1x123h6jy3sbxf9pq7hacspiiyd-gcc-wrapper-11.5.0"
      },
      "system": "x86_64-darwin",
      "group": "toplevel",
      "priority": 5
    },
    {
      "attr_path": "gcc11",
      "broken": false,
      "derivation": "/nix/store/qvl12asz1jjpcl460lp4wlyw838c31nn-gcc-wrapper-11.5.0.drv",
      "description": "GNU Compiler Collection, version 11.5.0 (wrapper script)",
      "install_id": "gcc",
      "license": "GPL-3.0-or-later",
      "locked_url": "https://github.com/flox/nixpkgs?rev=76612b17c0ce71689921ca12d9ffdc9c23ce40b2",
      "name": "gcc-wrapper-11.5.0",
      "pname": "gcc11",
      "rev": "76612b17c0ce71689921ca12d9ffdc9c23ce40b2",
      "rev_count": 705705,
      "rev_date": "2024-11-09T08:06:34Z",
      "scrape_date": "2024-11-11T03:57:18Z",
      "stabilities": [
        "unstable"
      ],
      "unfree": false,
      "version": "gcc-wrapper-11.5.0",
      "outputs_to_install": [
        "out",
        "man"
      ],
      "outputs": {
        "info": "/nix/store/shhbsrkywdc6g368rr7pclvibqvdpazw-gcc-wrapper-11.5.0-info",
        "man": "/nix/store/qms35bynci9gn727kxj4w0pmgxmfhhkm-gcc-wrapper-11.5.0-man",
        "out": "/nix/store/9ybsky4qcg72v8y4kbwnvi16bzm81zpv-gcc-wrapper-11.5.0"
      },
      "system": "x86_64-linux",
      "group": "toplevel",
      "priority": 5
    },
    {
      "attr_path": "gnumake",
      "broken": false,
      "derivation": "/nix/store/87n3738vwlzq14dwz5ily15a6ahd77a5-gnumake-4.4.1.drv",
      "description": "Tool to control the generation of non-source files from sources",
      "install_id": "gnumake",
      "license": "GPL-3.0-or-later",
      "locked_url": "https://github.com/flox/nixpkgs?rev=76612b17c0ce71689921ca12d9ffdc9c23ce40b2",
      "name": "gnumake-4.4.1",
      "pname": "gnumake",
      "rev": "76612b17c0ce71689921ca12d9ffdc9c23ce40b2",
      "rev_count": 705705,
      "rev_date": "2024-11-09T08:06:34Z",
      "scrape_date": "2024-11-11T03:57:18Z",
      "stabilities": [
        "unstable"
      ],
      "unfree": false,
      "version": "4.4.1",
      "outputs_to_install": [
        "out",
        "man"
      ],
      "outputs": {
        "info": "/nix/store/7ymk0hibymqq1f50gr279pk24v14p5fy-gnumake-4.4.1-info",
        "man": "/nix/store/7rl7dvf9h7yfsnka8m4ym474jz7qz42z-gnumake-4.4.1-man",
        "out": "/nix/store/jr9m0plz39q5nml33h1n2nyv6qrn8vrw-gnumake-4.4.1"
      },
      "system": "aarch64-darwin",
      "group": "toplevel",
      "priority": 5
    },
    {
      "attr_path": "gnumake",
      "broken": false,
      "derivation": "/nix/store/jbjh3gw74hg9kmh9ly0jwxz385cwrgvg-gnumake-4.4.1.drv",
      "description": "Tool to control the generation of non-source files from sources",
      "install_id": "gnumake",
      "license": "GPL-3.0-or-later",
      "locked_url": "https://github.com/flox/nixpkgs?rev=76612b17c0ce71689921ca12d9ffdc9c23ce40b2",
      "name": "gnumake-4.4.1",
      "pname": "gnumake",
      "rev": "76612b17c0ce71689921ca12d9ffdc9c23ce40b2",
      "rev_count": 705705,
      "rev_date": "2024-11-09T08:06:34Z",
      "scrape_date": "2024-11-11T03:57:18Z",
      "stabilities": [
        "unstable"
      ],
      "unfree": false,
      "version": "4.4.1",
      "outputs_to_install": [
        "out",
        "man"
      ],
      "outputs": {
        "debug": "/nix/store/r6qc46dsmzzmkahg7ixsw3kahmbbrjsa-gnumake-4.4.1-debug",
        "info": "/nix/store/d0kjw156ljsinlhppdhz1m4jnahx86bh-gnumake-4.4.1-info",
        "man": "/nix/store/mxh5l54873x2x7myfwm5zhjyx1cpmi48-gnumake-4.4.1-man",
        "out": "/nix/store/vllk2kz7nwyvyjn1v1ip1234vnxmfkrr-gnumake-4.4.1"
      },
      "system": "aarch64-linux",
      "group": "toplevel",
      "priority": 5
    },
    {
      "attr_path": "gnumake",
      "broken": false,
      "derivation": "/nix/store/i0iv5gygvqrwkjp5mm5gw6ng4m6ibd66-gnumake-4.4.1.drv",
      "description": "Tool to control the generation of non-source files from sources",
      "install_id": "gnumake",
      "license": "GPL-3.0-or-later",
      "locked_url": "https://github.com/flox/nixpkgs?rev=76612b17c0ce71689921ca12d9ffdc9c23ce40b2",
      "name": "gnumake-4.4.1",
      "pname": "gnumake",
      "rev": "76612b17c0ce71689921ca12d9ffdc9c23ce40b2",
      "rev_count": 705705,
      "rev_date": "2024-11-09T08:06:34Z",
      "scrape_date": "2024-11-11T03:57:18Z",
      "stabilities": [
        "unstable"
      ],
      "unfree": false,
      "version": "4.4.1",
      "outputs_to_install": [
        "out",
        "man"
      ],
      "outputs": {
        "info": "/nix/store/wir23p8wgpgi2xndz6rb15ky1ynd26sc-gnumake-4.4.1-info",
        "man": "/nix/store/261i3jz1vm3c34r2zwzynyfdc0myjzm6-gnumake-4.4.1-man",
        "out": "/nix/store/bsgyj981nm8qrj467w1xzp52c4289nca-gnumake-4.4.1"
      },
      "system": "x86_64-darwin",
      "group": "toplevel",
      "priority": 5
    },
    {
      "attr_path": "gnumake",
      "broken": false,
      "derivation": "/nix/store/6bycjp4flgfdwc9gwawms6w9yayxx1qw-gnumake-4.4.1.drv",
      "description": "Tool to control the generation of non-source files from sources",
      "install_id": "gnumake",
      "license": "GPL-3.0-or-later",
      "locked_url": "https://github.com/flox/nixpkgs?rev=76612b17c0ce71689921ca12d9ffdc9c23ce40b2",
      "name": "gnumake-4.4.1",
      "pname": "gnumake",
      "rev": "76612b17c0ce71689921ca12d9ffdc9c23ce40b2",
      "rev_count": 705705,
      "rev_date": "2024-11-09T08:06:34Z",
      "scrape_date": "2024-11-11T03:57:18Z",
      "stabilities": [
        "unstable"
      ],
      "unfree": false,
      "version": "4.4.1",
      "outputs_to_install": [
        "out",
        "man"
      ],
      "outputs": {
        "debug": "/nix/store/mhvdybcj445p70gri11ppfdvjm991h4n-gnumake-4.4.1-debug",
        "info": "/nix/store/alchdz6afzhc6sala7sz13mhq8mdcxi1-gnumake-4.4.1-info",
        "man": "/nix/store/rqjsm3b105i1kxxlvm1imfh1gh6s6ssd-gnumake-4.4.1-man",
        "out": "/nix/store/f744fhzw1x6azh095hsfz32iyj4xr1di-gnumake-4.4.1"
      },
      "system": "x86_64-linux",
      "group": "toplevel",
      "priority": 5
    },
    {
      "attr_path": "python3",
      "broken": false,
      "derivation": "/nix/store/nfqzgvmajgyf3h5hchs03ngs99h0zaqn-python3-3.12.7.drv",
      "description": "High-level dynamically-typed programming language",
      "install_id": "python3",
      "license": "Python-2.0",
      "locked_url": "https://github.com/flox/nixpkgs?rev=76612b17c0ce71689921ca12d9ffdc9c23ce40b2",
      "name": "python3-3.12.7",
      "pname": "python3",
      "rev": "76612b17c0ce71689921ca12d9ffdc9c23ce40b2",
      "rev_count": 705705,
      "rev_date": "2024-11-09T08:06:34Z",
      "scrape_date": "2024-11-11T03:57:18Z",
      "stabilities": [
        "unstable"
      ],
      "unfree": false,
      "version": "3.12.7",
      "outputs_to_install": [
        "out"
      ],
      "outputs": {
        "out": "/nix/store/2djmffykchgm4q4j7ylv7xgkg441mp2j-python3-3.12.7"
      },
      "system": "aarch64-darwin",
      "group": "toplevel",
      "priority": 5
    },
    {
      "attr_path": "python3",
      "broken": false,
      "derivation": "/nix/store/nrwf0ar2p6wrx17vvs9zfmllkn1p1gqh-python3-3.12.7.drv",
      "description": "High-level dynamically-typed programming language",
      "install_id": "python3",
      "license": "Python-2.0",
      "locked_url": "https://github.com/flox/nixpkgs?rev=76612b17c0ce71689921ca12d9ffdc9c23ce40b2",
      "name": "python3-3.12.7",
      "pname": "python3",
      "rev": "76612b17c0ce71689921ca12d9ffdc9c23ce40b2",
      "rev_count": 705705,
      "rev_date": "2024-11-09T08:06:34Z",
      "scrape_date": "2024-11-11T03:57:18Z",
      "stabilities": [
        "unstable"
      ],
      "unfree": false,
      "version": "3.12.7",
      "outputs_to_install": [
        "out"
      ],
      "outputs": {
        "debug": "/nix/store/i2dk7l0b260px2i3v751z12kh6fkanzw-python3-3.12.7-debug",
        "out": "/nix/store/zkzg2gaacmhc2i9ggp35dbl5x0y49531-python3-3.12.7"
      },
      "system": "aarch64-linux",
      "group": "toplevel",
      "priority": 5
    },
    {
      "attr_path": "python3",
      "broken": false,
      "derivation": "/nix/store/8xdxhcf5yh5p4rc1b8i3g0z3bq52kv46-python3-3.12.7.drv",
      "description": "High-level dynamically-typed programming language",
      "install_id": "python3",
      "license": "Python-2.0",
      "locked_url": "https://github.com/flox/nixpkgs?rev=76612b17c0ce71689921ca12d9ffdc9c23ce40b2",
      "name": "python3-3.12.7",
      "pname": "python3",
      "rev": "76612b17c0ce71689921ca12d9ffdc9c23ce40b2",
      "rev_count": 705705,
      "rev_date": "2024-11-09T08:06:34Z",
      "scrape_date": "2024-11-11T03:57:18Z",
      "stabilities": [
        "unstable"
      ],
      "unfree": false,
      "version": "3.12.7",
      "outputs_to_install": [
        "out"
      ],
      "outputs": {
        "out": "/nix/store/70ifxn668cb1y4yiy35v0g8ic1wg33cz-python3-3.12.7"
      },
      "system": "x86_64-darwin",
      "group": "toplevel",
      "priority": 5
    },
    {
      "attr_path": "python3",
      "broken": false,
      "derivation": "/nix/store/97s6qwipyppnh12dayv0k3qml0xb5dsq-python3-3.12.7.drv",
      "description": "High-level dynamically-typed programming language",
      "install_id": "python3",
      "license": "Python-2.0",
      "locked_url": "https://github.com/flox/nixpkgs?rev=76612b17c0ce71689921ca12d9ffdc9c23ce40b2",
      "name": "python3-3.12.7",
      "pname": "python3",
      "rev": "76612b17c0ce71689921ca12d9ffdc9c23ce40b2",
      "rev_count": 705705,
      "rev_date": "2024-11-09T08:06:34Z",
      "scrape_date": "2024-11-11T03:57:18Z",
      "stabilities": [
        "unstable"
      ],
      "unfree": false,
      "version": "3.12.7",
      "outputs_to_install": [
        "out"
      ],
      "outputs": {
        "debug": "/nix/store/1qffxia2lrnwa8pcwbl1hk4i5v5xagcj-python3-3.12.7-debug",
        "out": "/nix/store/901c80rlps5q05bnjk1sj4zaz5k736nc-python3-3.12.7"
      },
      "system": "x86_64-linux",
      "group": "toplevel",
      "priority": 5
    }
  ]
}