{
  "lockfile-version": 1,
  "manifest": {
    "version": 1,
    "install": {
      "gcc": {
        "pkg-path": "gcc11"
      },
      "gnumake": {
        "pkg-path": "gnumake"
      },
      "python3": {
        "pkg-path": "python314"
      }
    },
    "options": {
      "systems": [
        "aarch64-darwin",
        "aarch64-linux",
        "x86_64-darwin",
        "x86_64-linux"
      ]
    },
    "build": {
      "demo-project": {
        "command": "  make\n  make install PREFIX=$out\n",
        "runtime-packages": [
          "python3"
        ],
        "sandbox": "pure",
        "version": "1.2.3",
        "description": "A package description"
      },
      "headlines": {
        "command": "  # make install-headlines PREFIX=$out\n  make install-headlines-bin PREFIX=$out HEADLINESDIR=${headlines-deps}/include\n  $out/bin/headlines # TEST\n"
      },
      "headlines-deps": {
        "command": "  make install-headlines-dev PREFIX=$out\n",
        "sandbox": "off"
      }
    }
  },
  "packages": [
    {
      "attr_path": "gcc11",
      "broken": false,
      "derivation": "/nix/store/0ax51168glbycw1x2dj1jcgad2j4kzry-gcc-wrapper-11.5.0.drv",
      "description": "GNU Compiler Collection, version 11.5.0 (wrapper script)",
      "install_id": "gcc",
      "license": "GPL-3.0-or-later",
      "locked_url": "https://github.com/flox/nixpkgs?rev=42a1c966be226125b48c384171c44c651c236c22",
      "name": "gcc-wrapper-11.5.0",
      "pname": "gcc11",
      "rev": "42a1c966be226125b48c384171c44c651c236c22",
      "rev_count": 779115,
      "rev_date": "2025-04-05T04:29:29Z",
      "scrape_date": "2025-04-07T01:12:06.068352Z",
      "stabilities": [
        "unstable"
      ],
      "unfree": false,
      "version": "11.5.0",
      "outputs_to_install": [
        "man",
        "out"
      ],
      "outputs": {
        "info": "/nix/store/sxw6a2b28njdmj9br2g91aly43q8p6v4-gcc-wrapper-11.5.0-info",
        "man": "/nix/store/xnszplba8acvd58d4mndxs7xznbhpvl9-gcc-wrapper-11.5.0-man",
        "out": "/nix/store/s5wnk7g2na94vydpdw2sbw2s1vwg627r-gcc-wrapper-11.5.0"
      },
      "system": "aarch64-darwin",
      "group": "toplevel",
      "priority": 5
    },
    {
      "attr_path": "gcc11",
      "broken": false,
      "derivation": "/nix/store/1gnqswrc90jbxqgx0ssgkdwx760knayw-gcc-wrapper-11.5.0.drv",
      "description": "GNU Compiler Collection, version 11.5.0 (wrapper script)",
      "install_id": "gcc",
      "license": "GPL-3.0-or-later",
      "locked_url": "https://github.com/flox/nixpkgs?rev=42a1c966be226125b48c384171c44c651c236c22",
      "name": "gcc-wrapper-11.5.0",
      "pname": "gcc11",
      "rev": "42a1c966be226125b48c384171c44c651c236c22",
      "rev_count": 779115,
      "rev_date": "2025-04-05T04:29:29Z",
      "scrape_date": "2025-04-07T01:30:44.178376Z",
      "stabilities": [
        "unstable"
      ],
      "unfree": false,
      "version": "11.5.0",
      "outputs_to_install": [
        "man",
        "out"
      ],
      "outputs": {
        "info": "/nix/store/fbb2hr0rzfl80m682hscx7y73j5vhpk4-gcc-wrapper-11.5.0-info",
        "man": "/nix/store/dxzvg5sg83x4lc2jxj9rh79mjis0j3ff-gcc-wrapper-11.5.0-man",
        "out": "/nix/store/r09g7025qfsah4i2inyyy4v17cyig65w-gcc-wrapper-11.5.0"
      },
      "system": "aarch64-linux",
      "group": "toplevel",
      "priority": 5
    },
    {
      "attr_path": "gcc11",
      "broken": false,
      "derivation": "/nix/store/fjanngdcq3wri42jrlri4mdl799b23mi-gcc-wrapper-11.5.0.drv",
      "description": "GNU Compiler Collection, version 11.5.0 (wrapper script)",
      "install_id": "gcc",
      "license": "GPL-3.0-or-later",
      "locked_url": "https://github.com/flox/nixpkgs?rev=42a1c966be226125b48c384171c44c651c236c22",
      "name": "gcc-wrapper-11.5.0",
      "pname": "gcc11",
      "rev": "42a1c966be226125b48c384171c44c651c236c22",
      "rev_count": 779115,
      "rev_date": "2025-04-05T04:29:29Z",
      "scrape_date": "2025-04-07T01:47:14.940448Z",
      "stabilities": [
        "unstable"
      ],
      "unfree": false,
      "version": "11.5.0",
      "outputs_to_install": [
        "man",
        "out"
      ],
      "outputs": {
        "info": "/nix/store/c29rcg1ds1pjh8ir9i5qy1m3l6ixdmym-gcc-wrapper-11.5.0-info",
        "man": "/nix/store/zd5plrjdmmnwnfin7nwcggkb4i1m59bp-gcc-wrapper-11.5.0-man",
        "out": "/nix/store/kqflnhg7ifrxvfbras6lg5zb9xsw5ak4-gcc-wrapper-11.5.0"
      },
      "system": "x86_64-darwin",
      "group": "toplevel",
      "priority": 5
    },
    {
      "attr_path": "gcc11",
      "broken": false,
      "derivation": "/nix/store/8s3vrm1darrcmflsmz4mvccbjrm82irm-gcc-wrapper-11.5.0.drv",
      "description": "GNU Compiler Collection, version 11.5.0 (wrapper script)",
      "install_id": "gcc",
      "license": "GPL-3.0-or-later",
      "locked_url": "https://github.com/flox/nixpkgs?rev=42a1c966be226125b48c384171c44c651c236c22",
      "name": "gcc-wrapper-11.5.0",
      "pname": "gcc11",
      "rev": "42a1c966be226125b48c384171c44c651c236c22",
      "rev_count": 779115,
      "rev_date": "2025-04-05T04:29:29Z",
      "scrape_date": "2025-04-07T02:06:55.592725Z",
      "stabilities": [
        "unstable"
      ],
      "unfree": false,
      "version": "11.5.0",
      "outputs_to_install": [
        "man",
        "out"
      ],
      "outputs": {
        "info": "/nix/store/n0f134bgfmpb1qww76b51sy3bx6pi00q-gcc-wrapper-11.5.0-info",
        "man": "/nix/store/hgl9dm85651wvfc5v6wr0il2qlslki76-gcc-wrapper-11.5.0-man",
        "out": "/nix/store/8fcrkjf0q1ji8faf9216qyvbml715g4r-gcc-wrapper-11.5.0"
      },
      "system": "x86_64-linux",
      "group": "toplevel",
      "priority": 5
    },
    {
      "attr_path": "gnumake",
      "broken": false,
      "derivation": "/nix/store/897qgbbiqskfickkdbv2k1cm6i8hx5w7-gnumake-4.4.1.drv",
      "description": "Tool to control the generation of non-source files from sources",
      "install_id": "gnumake",
      "license": "GPL-3.0-or-later",
      "locked_url": "https://github.com/flox/nixpkgs?rev=42a1c966be226125b48c384171c44c651c236c22",
      "name": "gnumake-4.4.1",
      "pname": "gnumake",
      "rev": "42a1c966be226125b48c384171c44c651c236c22",
      "rev_count": 779115,
      "rev_date": "2025-04-05T04:29:29Z",
      "scrape_date": "2025-04-07T01:12:06.199578Z",
      "stabilities": [
        "unstable"
      ],
      "unfree": false,
      "version": "4.4.1",
      "outputs_to_install": [
        "man",
        "out"
      ],
      "outputs": {
        "info": "/nix/store/c5jccx4albc6g0fcxa4ghwg27945fnby-gnumake-4.4.1-info",
        "man": "/nix/store/mvygvl0jxvci87m9j9r393ri5jsz2ybq-gnumake-4.4.1-man",
        "out": "/nix/store/cnkfqpa3kyi3mgk0yd8lqbrdysq7j38q-gnumake-4.4.1"
      },
      "system": "aarch64-darwin",
      "group": "toplevel",
      "priority": 5
    },
    {
      "attr_path": "gnumake",
      "broken": false,
      "derivation": "/nix/store/1w8mkkppb9qx6y489fr6baf6sjcwz25f-gnumake-4.4.1.drv",
      "description": "Tool to control the generation of non-source files from sources",
      "install_id": "gnumake",
      "license": "GPL-3.0-or-later",
      "locked_url": "https://github.com/flox/nixpkgs?rev=42a1c966be226125b48c384171c44c651c236c22",
      "name": "gnumake-4.4.1",
      "pname": "gnumake",
      "rev": "42a1c966be226125b48c384171c44c651c236c22",
      "rev_count": 779115,
      "rev_date": "2025-04-05T04:29:29Z",
      "scrape_date": "2025-04-07T01:30:44.644770Z",
      "stabilities": [
        "unstable"
      ],
      "unfree": false,
      "version": "4.4.1",
      "outputs_to_install": [
        "man",
        "out"
      ],
      "outputs": {
        "debug": "/nix/store/yrfbzz0whhvibv18f2zb6a4l671ryrdk-gnumake-4.4.1-debug",
        "info": "/nix/store/crfkqwk94z3mvshp5yigwgayxypr7rzr-gnumake-4.4.1-info",
        "man": "/nix/store/a5lgpaf6b9rm3czp8bv6fw84152rsk08-gnumake-4.4.1-man",
        "out": "/nix/store/jp96c7glhd39jvym2qxrrqbyjlbn4jg8-gnumake-4.4.1"
      },
      "system": "aarch64-linux",
      "group": "toplevel",
      "priority": 5
    },
    {
      "attr_path": "gnumake",
      "broken": false,
      "derivation": "/nix/store/90dva6ghca1npg5qjp3l78mkl26nm8yd-gnumake-4.4.1.drv",
      "description": "Tool to control the generation of non-source files from sources",
      "install_id": "gnumake",
      "license": "GPL-3.0-or-later",
      "locked_url": "https://github.com/flox/nixpkgs?rev=42a1c966be226125b48c384171c44c651c236c22",
      "name": "gnumake-4.4.1",
      "pname": "gnumake",
      "rev": "42a1c966be226125b48c384171c44c651c236c22",
      "rev_count": 779115,
      "rev_date": "2025-04-05T04:29:29Z",
      "scrape_date": "2025-04-07T01:47:15.102493Z",
      "stabilities": [
        "unstable"
      ],
      "unfree": false,
      "version": "4.4.1",
      "outputs_to_install": [
        "man",
        "out"
      ],
      "outputs": {
        "info": "/nix/store/sqzsgjrslilvvs25b1rwkxr0vqwgy4n5-gnumake-4.4.1-info",
        "man": "/nix/store/xk3mk8ilcibjnh3yhakmii8drsxy25p3-gnumake-4.4.1-man",
        "out": "/nix/store/yfkp7d7jj5m467qrss5p1c26j8pbqmx9-gnumake-4.4.1"
      },
      "system": "x86_64-darwin",
      "group": "toplevel",
      "priority": 5
    },
    {
      "attr_path": "gnumake",
      "broken": false,
      "derivation": "/nix/store/smmbdypz6jpj72190zwm0d65fs5hp34y-gnumake-4.4.1.drv",
      "description": "Tool to control the generation of non-source files from sources",
      "install_id": "gnumake",
      "license": "GPL-3.0-or-later",
      "locked_url": "https://github.com/flox/nixpkgs?rev=42a1c966be226125b48c384171c44c651c236c22",
      "name": "gnumake-4.4.1",
      "pname": "gnumake",
      "rev": "42a1c966be226125b48c384171c44c651c236c22",
      "rev_count": 779115,
      "rev_date": "2025-04-05T04:29:29Z",
      "scrape_date": "2025-04-07T02:06:56.125683Z",
      "stabilities": [
        "unstable"
      ],
      "unfree": false,
      "version": "4.4.1",
      "outputs_to_install": [
        "man",
        "out"
      ],
      "outputs": {
        "debug": "/nix/store/40rj5d3igp9fb80r4pg3gnkzj338rffa-gnumake-4.4.1-debug",
        "info": "/nix/store/33lvx5blf6ms1b6ynaln49hx1xksypxf-gnumake-4.4.1-info",
        "man": "/nix/store/y87b22iwv64wrfpgyii4gjgbhcfqq0mi-gnumake-4.4.1-man",
        "out": "/nix/store/k0hhyz6qnj5065vpw15m4r7nbs0mn706-gnumake-4.4.1"
      },
      "system": "x86_64-linux",
      "group": "toplevel",
      "priority": 5
    },
    {
      "attr_path": "python314",
      "broken": false,
      "derivation": "/nix/store/jn84izi5jvlbwjdw1vazjlvkj4vqxixj-python3-3.14.0a6.drv",
      "description": "High-level dynamically-typed programming language",
      "install_id": "python3",
      "license": "Python-2.0",
      "locked_url": "https://github.com/flox/nixpkgs?rev=42a1c966be226125b48c384171c44c651c236c22",
      "name": "python3-3.14.0a6",
      "pname": "python314",
      "rev": "42a1c966be226125b48c384171c44c651c236c22",
      "rev_count": 779115,
      "rev_date": "2025-04-05T04:29:29Z",
      "scrape_date": "2025-04-07T01:12:33.204328Z",
      "stabilities": [
        "unstable"
      ],
      "unfree": false,
      "version": "python3-3.14.0a6",
      "outputs_to_install": [
        "out"
      ],
      "outputs": {
        "out": "/nix/store/lnq548kbjr2qkyddwwlanmjihj15mhln-python3-3.14.0a6"
      },
      "system": "aarch64-darwin",
      "group": "toplevel",
      "priority": 5
    },
    {
      "attr_path": "python314",
      "broken": false,
      "derivation": "/nix/store/bk8gy421p9r3vjsnp3sbkwqf0mifk17b-python3-3.14.0a6.drv",
      "description": "High-level dynamically-typed programming language",
      "install_id": "python3",
      "license": "Python-2.0",
      "locked_url": "https://github.com/flox/nixpkgs?rev=42a1c966be226125b48c384171c44c651c236c22",
      "name": "python3-3.14.0a6",
      "pname": "python314",
      "rev": "42a1c966be226125b48c384171c44c651c236c22",
      "rev_count": 779115,
      "rev_date": "2025-04-05T04:29:29Z",
      "scrape_date": "2025-04-07T01:31:32.107856Z",
      "stabilities": [
        "unstable"
      ],
      "unfree": false,
      "version": "python3-3.14.0a6",
      "outputs_to_install": [
        "out"
      ],
      "outputs": {
        "debug": "/nix/store/rsjyzj6l0wvw970zy4rhvbsywg6s44bw-python3-3.14.0a6-debug",
        "out": "/nix/store/g61j9ws03l841jyb2wxin8ab0dqh5viv-python3-3.14.0a6"
      },
      "system": "aarch64-linux",
      "group": "toplevel",
      "priority": 5
    },
    {
      "attr_path": "python314",
      "broken": false,
      "derivation": "/nix/store/kwp6qb3rf76x69ma9bpz0765p64w47kz-python3-3.14.0a6.drv",
      "description": "High-level dynamically-typed programming language",
      "install_id": "python3",
      "license": "Python-2.0",
      "locked_url": "https://github.com/flox/nixpkgs?rev=42a1c966be226125b48c384171c44c651c236c22",
      "name": "python3-3.14.0a6",
      "pname": "python314",
      "rev": "42a1c966be226125b48c384171c44c651c236c22",
      "rev_count": 779115,
      "rev_date": "2025-04-05T04:29:29Z",
      "scrape_date": "2025-04-07T01:47:42.143732Z",
      "stabilities": [
        "unstable"
      ],
      "unfree": false,
      "version": "python3-3.14.0a6",
      "outputs_to_install": [
        "out"
      ],
      "outputs": {
        "out": "/nix/store/rizp608d0gvm8ws8kllw18215x2sapz3-python3-3.14.0a6"
      },
      "system": "x86_64-darwin",
      "group": "toplevel",
      "priority": 5
    },
    {
      "attr_path": "python314",
      "broken": false,
      "derivation": "/nix/store/48w8wlm2msbgna22zxwl1k4j1givl6yi-python3-3.14.0a6.drv",
      "description": "High-level dynamically-typed programming language",
      "install_id": "python3",
      "license": "Python-2.0",
      "locked_url": "https://github.com/flox/nixpkgs?rev=42a1c966be226125b48c384171c44c651c236c22",
      "name": "python3-3.14.0a6",
      "pname": "python314",
      "rev": "42a1c966be226125b48c384171c44c651c236c22",
      "rev_count": 779115,
      "rev_date": "2025-04-05T04:29:29Z",
      "scrape_date": "2025-04-07T02:07:48.282934Z",
      "stabilities": [
        "unstable"
      ],
      "unfree": false,
      "version": "python3-3.14.0a6",
      "outputs_to_install": [
        "out"
      ],
      "outputs": {
        "debug": "/nix/store/ijj0zf6zxz6pv1yq6xdbpwkjr0mwnpzh-python3-3.14.0a6-debug",
        "out": "/nix/store/l0a73vak6nvn9mpas20z5r4k6gwk7dgj-python3-3.14.0a6"
      },
      "system": "x86_64-linux",
      "group": "toplevel",
      "priority": 5
    }
  ]
}